
Microsoft Visual Studio Solution File, Format Version 12.00
# Visual Studio Version 17
Project("{2150E333-8FDC-42A3-9474-1A3956D46DE8}") = "CMakePredefinedTargets", "CMakePredefinedTargets", "{023851C4-CC24-373E-83B8-51B0AE049406}"
EndProject
Project("{2150E333-8FDC-42A3-9474-1A3956D46DE8}") = "GLFW3", "GLFW3", "{F530E08F-3A8F-3B4C-947F-A61F20FC0517}"
EndProject
Project("{2150E333-8FDC-42A3-9474-1A3956D46DE8}") = "Examples", "GLFW3\Examples", "{78DFFE0C-3785-3ACF-A8E5-A79916234346}"
EndProject
Project("{2150E333-8FDC-42A3-9474-1A3956D46DE8}") = "Tests", "GLFW3\Tests", "{6B40ED7A-8F40-3818-AE57-1CF23D2BD502}"
EndProject
Project("{8BC9CEB8-8B4A-11D0-8D11-00A0C91BC942}") = "ALL_BUILD", "ALL_BUILD.vcxproj", "{88049FF4-3B85-3940-B48B-A719509D0743}"
	ProjectSection(ProjectDependencies) = postProject
		{BA913802-E74B-3357-B779-2B4F7BA25E31} = {BA913802-E74B-3357-B779-2B4F7BA25E31}
		{91DF274C-5998-3A7A-A6C0-D8A658C5B47E} = {91DF274C-5998-3A7A-A6C0-D8A658C5B47E}
		{CD4E7586-430D-381B-BD0B-E3085941461C} = {CD4E7586-430D-381B-BD0B-E3085941461C}
		{383ACDDA-6F0B-3C09-8C51-608C2007AA50} = {383ACDDA-6F0B-3C09-8C51-608C2007AA50}
		{D36ED80E-0D8B-3BC5-A8D0-10E88B81FD1D} = {D36ED80E-0D8B-3BC5-A8D0-10E88B81FD1D}
		{3532D82C-4BFF-3CD7-B7AC-0F9A2419B14F} = {3532D82C-4BFF-3CD7-B7AC-0F9A2419B14F}
		{7E9FC98E-A5C5-39BA-A4BC-3A82AECDE2AE} = {7E9FC98E-A5C5-39BA-A4BC-3A82AECDE2AE}
		{D52336FE-CBCB-309D-B8D7-66E5C7084197} = {D52336FE-CBCB-309D-B8D7-66E5C7084197}
		{16F74361-38EB-3E95-B474-15E913731477} = {16F74361-38EB-3E95-B474-15E913731477}
		{1B7403F4-54FF-318E-9390-639F33E3A1D2} = {1B7403F4-54FF-318E-9390-639F33E3A1D2}
		{E11C6C36-9DBE-3F7A-A8FC-FF8D39B388C2} = {E11C6C36-9DBE-3F7A-A8FC-FF8D39B388C2}
		{7BB3AB64-63D9-3B2A-8059-1934A474F92B} = {7BB3AB64-63D9-3B2A-8059-1934A474F92B}
		{2D769A82-B72A-390E-9EF7-0B5C32E5EE22} = {2D769A82-B72A-390E-9EF7-0B5C32E5EE22}
		{34CE8630-499B-31A4-A88B-B9554C7CF599} = {34CE8630-499B-31A4-A88B-B9554C7CF599}
		{7C935D6C-9AAC-3414-AFD7-AA1CDE63600B} = {7C935D6C-9AAC-3414-AFD7-AA1CDE63600B}
		{0FB2D097-6055-3D1C-AB3B-FA211AEC27AD} = {0FB2D097-6055-3D1C-AB3B-FA211AEC27AD}
		{70DFCAD4-10CB-3735-B264-837BBEEF2CC5} = {70DFCAD4-10CB-3735-B264-837BBEEF2CC5}
		{5CEAFCFC-4775-3A25-A063-8CF4C0E42144} = {5CEAFCFC-4775-3A25-A063-8CF4C0E42144}
		{83AAD1C8-139C-3FBD-92FB-CD25F2C189A1} = {83AAD1C8-139C-3FBD-92FB-CD25F2C189A1}
		{A50FAD8E-2853-3282-8C8E-438A0FCC0678} = {A50FAD8E-2853-3282-8C8E-438A0FCC0678}
		{6BF7B991-D3AF-323F-9B26-041655D21FFA} = {6BF7B991-D3AF-323F-9B26-041655D21FFA}
		{910CE8E2-A680-3889-BE61-80DB45D6F470} = {910CE8E2-A680-3889-BE61-80DB45D6F470}
		{F1F448AB-02F7-3DD2-924F-DA907BDB469F} = {F1F448AB-02F7-3DD2-924F-DA907BDB469F}
		{201148D1-FBDB-3CED-BB4D-0D693E059C8C} = {201148D1-FBDB-3CED-BB4D-0D693E059C8C}
		{8086FE01-5444-3135-A175-834D0E10A761} = {8086FE01-5444-3135-A175-834D0E10A761}
		{538C0E7B-B896-3382-A7C2-107A1C528F41} = {538C0E7B-B896-3382-A7C2-107A1C528F41}
		{6D096A14-AAC3-392F-850B-85F3B039FE7D} = {6D096A14-AAC3-392F-850B-85F3B039FE7D}
		{B7C571E5-3D70-3992-B0A7-6EEC0A8559E5} = {B7C571E5-3D70-3992-B0A7-6EEC0A8559E5}
		{BA471480-D935-3EC6-A002-5D7907C9345F} = {BA471480-D935-3EC6-A002-5D7907C9345F}
		{40C1F251-D482-343D-9278-A1D7DE24DB98} = {40C1F251-D482-343D-9278-A1D7DE24DB98}
		{8FACF2F3-27DE-3B1B-AE18-1C23F30EFD05} = {8FACF2F3-27DE-3B1B-AE18-1C23F30EFD05}
	EndProjectSection
EndProject
Project("{8BC9CEB8-8B4A-11D0-8D11-00A0C91BC942}") = "INSTALL", "INSTALL.vcxproj", "{6AD4B447-17E4-3423-9835-959E7B064F12}"
	ProjectSection(ProjectDependencies) = postProject
		{88049FF4-3B85-3940-B48B-A719509D0743} = {88049FF4-3B85-3940-B48B-A719509D0743}
		{BA913802-E74B-3357-B779-2B4F7BA25E31} = {BA913802-E74B-3357-B779-2B4F7BA25E31}
	EndProjectSection
EndProject
Project("{8BC9CEB8-8B4A-11D0-8D11-00A0C91BC942}") = "ZERO_CHECK", "..\..\\ZERO_CHECK.vcxproj", "{BA913802-E74B-3357-B779-2B4F7BA25E31}"
	ProjectSection(ProjectDependencies) = postProject
	EndProjectSection
EndProject
Project("{8BC9CEB8-8B4A-11D0-8D11-00A0C91BC942}") = "boing", "examples\boing.vcxproj", "{91DF274C-5998-3A7A-A6C0-D8A658C5B47E}"
	ProjectSection(ProjectDependencies) = postProject
		{BA913802-E74B-3357-B779-2B4F7BA25E31} = {BA913802-E74B-3357-B779-2B4F7BA25E31}
		{16F74361-38EB-3E95-B474-15E913731477} = {16F74361-38EB-3E95-B474-15E913731477}
	EndProjectSection
EndProject
Project("{8BC9CEB8-8B4A-11D0-8D11-00A0C91BC942}") = "clipboard", "tests\clipboard.vcxproj", "{CD4E7586-430D-381B-BD0B-E3085941461C}"
	ProjectSection(ProjectDependencies) = postProject
		{BA913802-E74B-3357-B779-2B4F7BA25E31} = {BA913802-E74B-3357-B779-2B4F7BA25E31}
		{16F74361-38EB-3E95-B474-15E913731477} = {16F74361-38EB-3E95-B474-15E913731477}
	EndProjectSection
EndProject
Project("{8BC9CEB8-8B4A-11D0-8D11-00A0C91BC942}") = "cursor", "tests\cursor.vcxproj", "{383ACDDA-6F0B-3C09-8C51-608C2007AA50}"
	ProjectSection(ProjectDependencies) = postProject
		{BA913802-E74B-3357-B779-2B4F7BA25E31} = {BA913802-E74B-3357-B779-2B4F7BA25E31}
		{16F74361-38EB-3E95-B474-15E913731477} = {16F74361-38EB-3E95-B474-15E913731477}
	EndProjectSection
EndProject
Project("{8BC9CEB8-8B4A-11D0-8D11-00A0C91BC942}") = "empty", "tests\empty.vcxproj", "{D36ED80E-0D8B-3BC5-A8D0-10E88B81FD1D}"
	ProjectSection(ProjectDependencies) = postProject
		{BA913802-E74B-3357-B779-2B4F7BA25E31} = {BA913802-E74B-3357-B779-2B4F7BA25E31}
		{16F74361-38EB-3E95-B474-15E913731477} = {16F74361-38EB-3E95-B474-15E913731477}
	EndProjectSection
EndProject
Project("{8BC9CEB8-8B4A-11D0-8D11-00A0C91BC942}") = "events", "tests\events.vcxproj", "{3532D82C-4BFF-3CD7-B7AC-0F9A2419B14F}"
	ProjectSection(ProjectDependencies) = postProject
		{BA913802-E74B-3357-B779-2B4F7BA25E31} = {BA913802-E74B-3357-B779-2B4F7BA25E31}
		{16F74361-38EB-3E95-B474-15E913731477} = {16F74361-38EB-3E95-B474-15E913731477}
	EndProjectSection
EndProject
Project("{8BC9CEB8-8B4A-11D0-8D11-00A0C91BC942}") = "gamma", "tests\gamma.vcxproj", "{7E9FC98E-A5C5-39BA-A4BC-3A82AECDE2AE}"
	ProjectSection(ProjectDependencies) = postProject
		{BA913802-E74B-3357-B779-2B4F7BA25E31} = {BA913802-E74B-3357-B779-2B4F7BA25E31}
		{16F74361-38EB-3E95-B474-15E913731477} = {16F74361-38EB-3E95-B474-15E913731477}
	EndProjectSection
EndProject
Project("{8BC9CEB8-8B4A-11D0-8D11-00A0C91BC942}") = "gears", "examples\gears.vcxproj", "{D52336FE-CBCB-309D-B8D7-66E5C7084197}"
	ProjectSection(ProjectDependencies) = postProject
		{BA913802-E74B-3357-B779-2B4F7BA25E31} = {BA913802-E74B-3357-B779-2B4F7BA25E31}
		{16F74361-38EB-3E95-B474-15E913731477} = {16F74361-38EB-3E95-B474-15E913731477}
	EndProjectSection
EndProject
Project("{8BC9CEB8-8B4A-11D0-8D11-00A0C91BC942}") = "glfw", "src\glfw.vcxproj", "{16F74361-38EB-3E95-B474-15E913731477}"
	ProjectSection(ProjectDependencies) = postProject
		{BA913802-E74B-3357-B779-2B4F7BA25E31} = {BA913802-E74B-3357-B779-2B4F7BA25E31}
	EndProjectSection
EndProject
Project("{8BC9CEB8-8B4A-11D0-8D11-00A0C91BC942}") = "glfwinfo", "tests\glfwinfo.vcxproj", "{1B7403F4-54FF-318E-9390-639F33E3A1D2}"
	ProjectSection(ProjectDependencies) = postProject
		{BA913802-E74B-3357-B779-2B4F7BA25E31} = {BA913802-E74B-3357-B779-2B4F7BA25E31}
		{16F74361-38EB-3E95-B474-15E913731477} = {16F74361-38EB-3E95-B474-15E913731477}
	EndProjectSection
EndProject
Project("{8BC9CEB8-8B4A-11D0-8D11-00A0C91BC942}") = "heightmap", "examples\heightmap.vcxproj", "{E11C6C36-9DBE-3F7A-A8FC-FF8D39B388C2}"
	ProjectSection(ProjectDependencies) = postProject
		{BA913802-E74B-3357-B779-2B4F7BA25E31} = {BA913802-E74B-3357-B779-2B4F7BA25E31}
		{16F74361-38EB-3E95-B474-15E913731477} = {16F74361-38EB-3E95-B474-15E913731477}
	EndProjectSection
EndProject
Project("{8BC9CEB8-8B4A-11D0-8D11-00A0C91BC942}") = "icon", "tests\icon.vcxproj", "{7BB3AB64-63D9-3B2A-8059-1934A474F92B}"
	ProjectSection(ProjectDependencies) = postProject
		{BA913802-E74B-3357-B779-2B4F7BA25E31} = {BA913802-E74B-3357-B779-2B4F7BA25E31}
		{16F74361-38EB-3E95-B474-15E913731477} = {16F74361-38EB-3E95-B474-15E913731477}
	EndProjectSection
EndProject
Project("{8BC9CEB8-8B4A-11D0-8D11-00A0C91BC942}") = "iconify", "tests\iconify.vcxproj", "{2D769A82-B72A-390E-9EF7-0B5C32E5EE22}"
	ProjectSection(ProjectDependencies) = postProject
		{BA913802-E74B-3357-B779-2B4F7BA25E31} = {BA913802-E74B-3357-B779-2B4F7BA25E31}
		{16F74361-38EB-3E95-B474-15E913731477} = {16F74361-38EB-3E95-B474-15E913731477}
	EndProjectSection
EndProject
Project("{8BC9CEB8-8B4A-11D0-8D11-00A0C91BC942}") = "inputlag", "tests\inputlag.vcxproj", "{34CE8630-499B-31A4-A88B-B9554C7CF599}"
	ProjectSection(ProjectDependencies) = postProject
		{BA913802-E74B-3357-B779-2B4F7BA25E31} = {BA913802-E74B-3357-B779-2B4F7BA25E31}
		{16F74361-38EB-3E95-B474-15E913731477} = {16F74361-38EB-3E95-B474-15E913731477}
	EndProjectSection
EndProject
Project("{8BC9CEB8-8B4A-11D0-8D11-00A0C91BC942}") = "joysticks", "tests\joysticks.vcxproj", "{7C935D6C-9AAC-3414-AFD7-AA1CDE63600B}"
	ProjectSection(ProjectDependencies) = postProject
		{BA913802-E74B-3357-B779-2B4F7BA25E31} = {BA913802-E74B-3357-B779-2B4F7BA25E31}
		{16F74361-38EB-3E95-B474-15E913731477} = {16F74361-38EB-3E95-B474-15E913731477}
	EndProjectSection
EndProject
Project("{8BC9CEB8-8B4A-11D0-8D11-00A0C91BC942}") = "monitors", "tests\monitors.vcxproj", "{0FB2D097-6055-3D1C-AB3B-FA211AEC27AD}"
	ProjectSection(ProjectDependencies) = postProject
		{BA913802-E74B-3357-B779-2B4F7BA25E31} = {BA913802-E74B-3357-B779-2B4F7BA25E31}
		{16F74361-38EB-3E95-B474-15E913731477} = {16F74361-38EB-3E95-B474-15E913731477}
	EndProjectSection
EndProject
Project("{8BC9CEB8-8B4A-11D0-8D11-00A0C91BC942}") = "msaa", "tests\msaa.vcxproj", "{70DFCAD4-10CB-3735-B264-837BBEEF2CC5}"
	ProjectSection(ProjectDependencies) = postProject
		{BA913802-E74B-3357-B779-2B4F7BA25E31} = {BA913802-E74B-3357-B779-2B4F7BA25E31}
		{16F74361-38EB-3E95-B474-15E913731477} = {16F74361-38EB-3E95-B474-15E913731477}
	EndProjectSection
EndProject
Project("{8BC9CEB8-8B4A-11D0-8D11-00A0C91BC942}") = "offscreen", "examples\offscreen.vcxproj", "{5CEAFCFC-4775-3A25-A063-8CF4C0E42144}"
	ProjectSection(ProjectDependencies) = postProject
		{BA913802-E74B-3357-B779-2B4F7BA25E31} = {BA913802-E74B-3357-B779-2B4F7BA25E31}
		{16F74361-38EB-3E95-B474-15E913731477} = {16F74361-38EB-3E95-B474-15E913731477}
	EndProjectSection
EndProject
Project("{8BC9CEB8-8B4A-11D0-8D11-00A0C91BC942}") = "opacity", "tests\opacity.vcxproj", "{83AAD1C8-139C-3FBD-92FB-CD25F2C189A1}"
	ProjectSection(ProjectDependencies) = postProject
		{BA913802-E74B-3357-B779-2B4F7BA25E31} = {BA913802-E74B-3357-B779-2B4F7BA25E31}
		{16F74361-38EB-3E95-B474-15E913731477} = {16F74361-38EB-3E95-B474-15E913731477}
	EndProjectSection
EndProject
Project("{8BC9CEB8-8B4A-11D0-8D11-00A0C91BC942}") = "particles", "examples\particles.vcxproj", "{A50FAD8E-2853-3282-8C8E-438A0FCC0678}"
	ProjectSection(ProjectDependencies) = postProject
		{BA913802-E74B-3357-B779-2B4F7BA25E31} = {BA913802-E74B-3357-B779-2B4F7BA25E31}
		{16F74361-38EB-3E95-B474-15E913731477} = {16F74361-38EB-3E95-B474-15E913731477}
	EndProjectSection
EndProject
Project("{8BC9CEB8-8B4A-11D0-8D11-00A0C91BC942}") = "reopen", "tests\reopen.vcxproj", "{6BF7B991-D3AF-323F-9B26-041655D21FFA}"
	ProjectSection(ProjectDependencies) = postProject
		{BA913802-E74B-3357-B779-2B4F7BA25E31} = {BA913802-E74B-3357-B779-2B4F7BA25E31}
		{16F74361-38EB-3E95-B474-15E913731477} = {16F74361-38EB-3E95-B474-15E913731477}
	EndProjectSection
EndProject
Project("{8BC9CEB8-8B4A-11D0-8D11-00A0C91BC942}") = "sharing", "examples\sharing.vcxproj", "{910CE8E2-A680-3889-BE61-80DB45D6F470}"
	ProjectSection(ProjectDependencies) = postProject
		{BA913802-E74B-3357-B779-2B4F7BA25E31} = {BA913802-E74B-3357-B779-2B4F7BA25E31}
		{16F74361-38EB-3E95-B474-15E913731477} = {16F74361-38EB-3E95-B474-15E913731477}
	EndProjectSection
EndProject
Project("{8BC9CEB8-8B4A-11D0-8D11-00A0C91BC942}") = "simple", "examples\simple.vcxproj", "{F1F448AB-02F7-3DD2-924F-DA907BDB469F}"
	ProjectSection(ProjectDependencies) = postProject
		{BA913802-E74B-3357-B779-2B4F7BA25E31} = {BA913802-E74B-3357-B779-2B4F7BA25E31}
		{16F74361-38EB-3E95-B474-15E913731477} = {16F74361-38EB-3E95-B474-15E913731477}
	EndProjectSection
EndProject
Project("{8BC9CEB8-8B4A-11D0-8D11-00A0C91BC942}") = "splitview", "examples\splitview.vcxproj", "{201148D1-FBDB-3CED-BB4D-0D693E059C8C}"
	ProjectSection(ProjectDependencies) = postProject
		{BA913802-E74B-3357-B779-2B4F7BA25E31} = {BA913802-E74B-3357-B779-2B4F7BA25E31}
		{16F74361-38EB-3E95-B474-15E913731477} = {16F74361-38EB-3E95-B474-15E913731477}
	EndProjectSection
EndProject
Project("{8BC9CEB8-8B4A-11D0-8D11-00A0C91BC942}") = "tearing", "tests\tearing.vcxproj", "{8086FE01-5444-3135-A175-834D0E10A761}"
	ProjectSection(ProjectDependencies) = postProject
		{BA913802-E74B-3357-B779-2B4F7BA25E31} = {BA913802-E74B-3357-B779-2B4F7BA25E31}
		{16F74361-38EB-3E95-B474-15E913731477} = {16F74361-38EB-3E95-B474-15E913731477}
	EndProjectSection
EndProject
Project("{8BC9CEB8-8B4A-11D0-8D11-00A0C91BC942}") = "threads", "tests\threads.vcxproj", "{538C0E7B-B896-3382-A7C2-107A1C528F41}"
	ProjectSection(ProjectDependencies) = postProject
		{BA913802-E74B-3357-B779-2B4F7BA25E31} = {BA913802-E74B-3357-B779-2B4F7BA25E31}
		{16F74361-38EB-3E95-B474-15E913731477} = {16F74361-38EB-3E95-B474-15E913731477}
	EndProjectSection
EndProject
Project("{8BC9CEB8-8B4A-11D0-8D11-00A0C91BC942}") = "timeout", "tests\timeout.vcxproj", "{6D096A14-AAC3-392F-850B-85F3B039FE7D}"
	ProjectSection(ProjectDependencies) = postProject
		{BA913802-E74B-3357-B779-2B4F7BA25E31} = {BA913802-E74B-3357-B779-2B4F7BA25E31}
		{16F74361-38EB-3E95-B474-15E913731477} = {16F74361-38EB-3E95-B474-15E913731477}
	EndProjectSection
EndProject
Project("{8BC9CEB8-8B4A-11D0-8D11-00A0C91BC942}") = "title", "tests\title.vcxproj", "{B7C571E5-3D70-3992-B0A7-6EEC0A8559E5}"
	ProjectSection(ProjectDependencies) = postProject
		{BA913802-E74B-3357-B779-2B4F7BA25E31} = {BA913802-E74B-3357-B779-2B4F7BA25E31}
		{16F74361-38EB-3E95-B474-15E913731477} = {16F74361-38EB-3E95-B474-15E913731477}
	EndProjectSection
EndProject
Project("{8BC9CEB8-8B4A-11D0-8D11-00A0C91BC942}") = "triangle-vulkan", "tests\triangle-vulkan.vcxproj", "{BA471480-D935-3EC6-A002-5D7907C9345F}"
	ProjectSection(ProjectDependencies) = postProject
		{BA913802-E74B-3357-B779-2B4F7BA25E31} = {BA913802-E74B-3357-B779-2B4F7BA25E31}
		{16F74361-38EB-3E95-B474-15E913731477} = {16F74361-38EB-3E95-B474-15E913731477}
	EndProjectSection
EndProject
Project("{8BC9CEB8-8B4A-11D0-8D11-00A0C91BC942}") = "uninstall", "uninstall.vcxproj", "{EBA6BD25-51DD-3B25-A194-8B239C86CF87}"
	ProjectSection(ProjectDependencies) = postProject
		{BA913802-E74B-3357-B779-2B4F7BA25E31} = {BA913802-E74B-3357-B779-2B4F7BA25E31}
	EndProjectSection
EndProject
Project("{8BC9CEB8-8B4A-11D0-8D11-00A0C91BC942}") = "wave", "examples\wave.vcxproj", "{40C1F251-D482-343D-9278-A1D7DE24DB98}"
	ProjectSection(ProjectDependencies) = postProject
		{BA913802-E74B-3357-B779-2B4F7BA25E31} = {BA913802-E74B-3357-B779-2B4F7BA25E31}
		{16F74361-38EB-3E95-B474-15E913731477} = {16F74361-38EB-3E95-B474-15E913731477}
	EndProjectSection
EndProject
Project("{8BC9CEB8-8B4A-11D0-8D11-00A0C91BC942}") = "windows", "tests\windows.vcxproj", "{8FACF2F3-27DE-3B1B-AE18-1C23F30EFD05}"
	ProjectSection(ProjectDependencies) = postProject
		{BA913802-E74B-3357-B779-2B4F7BA25E31} = {BA913802-E74B-3357-B779-2B4F7BA25E31}
		{16F74361-38EB-3E95-B474-15E913731477} = {16F74361-38EB-3E95-B474-15E913731477}
	EndProjectSection
EndProject
Global
	GlobalSection(SolutionConfigurationPlatforms) = preSolution
		Debug|x64 = Debug|x64
		Release|x64 = Release|x64
		MinSizeRel|x64 = MinSizeRel|x64
		RelWithDebInfo|x64 = RelWithDebInfo|x64
	EndGlobalSection
	GlobalSection(ProjectConfigurationPlatforms) = postSolution
		{88049FF4-3B85-3940-B48B-A719509D0743}.Debug|x64.ActiveCfg = Debug|x64
		{88049FF4-3B85-3940-B48B-A719509D0743}.Debug|x64.Build.0 = Debug|x64
		{88049FF4-3B85-3940-B48B-A719509D0743}.Release|x64.ActiveCfg = Release|x64
		{88049FF4-3B85-3940-B48B-A719509D0743}.Release|x64.Build.0 = Release|x64
		{88049FF4-3B85-3940-B48B-A719509D0743}.MinSizeRel|x64.ActiveCfg = MinSizeRel|x64
		{88049FF4-3B85-3940-B48B-A719509D0743}.MinSizeRel|x64.Build.0 = MinSizeRel|x64
		{88049FF4-3B85-3940-B48B-A719509D0743}.RelWithDebInfo|x64.ActiveCfg = RelWithDebInfo|x64
		{88049FF4-3B85-3940-B48B-A719509D0743}.RelWithDebInfo|x64.Build.0 = RelWithDebInfo|x64
		{6AD4B447-17E4-3423-9835-959E7B064F12}.Debug|x64.ActiveCfg = Debug|x64
		{6AD4B447-17E4-3423-9835-959E7B064F12}.Release|x64.ActiveCfg = Release|x64
		{6AD4B447-17E4-3423-9835-959E7B064F12}.MinSizeRel|x64.ActiveCfg = MinSizeRel|x64
		{6AD4B447-17E4-3423-9835-959E7B064F12}.RelWithDebInfo|x64.ActiveCfg = RelWithDebInfo|x64
		{BA913802-E74B-3357-B779-2B4F7BA25E31}.Debug|x64.ActiveCfg = Debug|x64
		{BA913802-E74B-3357-B779-2B4F7BA25E31}.Debug|x64.Build.0 = Debug|x64
		{BA913802-E74B-3357-B779-2B4F7BA25E31}.Release|x64.ActiveCfg = Release|x64
		{BA913802-E74B-3357-B779-2B4F7BA25E31}.Release|x64.Build.0 = Release|x64
		{BA913802-E74B-3357-B779-2B4F7BA25E31}.MinSizeRel|x64.ActiveCfg = MinSizeRel|x64
		{BA913802-E74B-3357-B779-2B4F7BA25E31}.MinSizeRel|x64.Build.0 = MinSizeRel|x64
		{BA913802-E74B-3357-B779-2B4F7BA25E31}.RelWithDebInfo|x64.ActiveCfg = RelWithDebInfo|x64
		{BA913802-E74B-3357-B779-2B4F7BA25E31}.RelWithDebInfo|x64.Build.0 = RelWithDebInfo|x64
		{91DF274C-5998-3A7A-A6C0-D8A658C5B47E}.Debug|x64.ActiveCfg = Debug|x64
		{91DF274C-5998-3A7A-A6C0-D8A658C5B47E}.Debug|x64.Build.0 = Debug|x64
		{91DF274C-5998-3A7A-A6C0-D8A658C5B47E}.Release|x64.ActiveCfg = Release|x64
		{91DF274C-5998-3A7A-A6C0-D8A658C5B47E}.Release|x64.Build.0 = Release|x64
		{91DF274C-5998-3A7A-A6C0-D8A658C5B47E}.MinSizeRel|x64.ActiveCfg = MinSizeRel|x64
		{91DF274C-5998-3A7A-A6C0-D8A658C5B47E}.MinSizeRel|x64.Build.0 = MinSizeRel|x64
		{91DF274C-5998-3A7A-A6C0-D8A658C5B47E}.RelWithDebInfo|x64.ActiveCfg = RelWithDebInfo|x64
		{91DF274C-5998-3A7A-A6C0-D8A658C5B47E}.RelWithDebInfo|x64.Build.0 = RelWithDebInfo|x64
		{CD4E7586-430D-381B-BD0B-E3085941461C}.Debug|x64.ActiveCfg = Debug|x64
		{CD4E7586-430D-381B-BD0B-E3085941461C}.Debug|x64.Build.0 = Debug|x64
		{CD4E7586-430D-381B-BD0B-E3085941461C}.Release|x64.ActiveCfg = Release|x64
		{CD4E7586-430D-381B-BD0B-E3085941461C}.Release|x64.Build.0 = Release|x64
		{CD4E7586-430D-381B-BD0B-E3085941461C}.MinSizeRel|x64.ActiveCfg = MinSizeRel|x64
		{CD4E7586-430D-381B-BD0B-E3085941461C}.MinSizeRel|x64.Build.0 = MinSizeRel|x64
		{CD4E7586-430D-381B-BD0B-E3085941461C}.RelWithDebInfo|x64.ActiveCfg = RelWithDebInfo|x64
		{CD4E7586-430D-381B-BD0B-E3085941461C}.RelWithDebInfo|x64.Build.0 = RelWithDebInfo|x64
		{383ACDDA-6F0B-3C09-8C51-608C2007AA50}.Debug|x64.ActiveCfg = Debug|x64
		{383ACDDA-6F0B-3C09-8C51-608C2007AA50}.Debug|x64.Build.0 = Debug|x64
		{383ACDDA-6F0B-3C09-8C51-608C2007AA50}.Release|x64.ActiveCfg = Release|x64
		{383ACDDA-6F0B-3C09-8C51-608C2007AA50}.Release|x64.Build.0 = Release|x64
		{383ACDDA-6F0B-3C09-8C51-608C2007AA50}.MinSizeRel|x64.ActiveCfg = MinSizeRel|x64
		{383ACDDA-6F0B-3C09-8C51-608C2007AA50}.MinSizeRel|x64.Build.0 = MinSizeRel|x64
		{383ACDDA-6F0B-3C09-8C51-608C2007AA50}.RelWithDebInfo|x64.ActiveCfg = RelWithDebInfo|x64
		{383ACDDA-6F0B-3C09-8C51-608C2007AA50}.RelWithDebInfo|x64.Build.0 = RelWithDebInfo|x64
		{D36ED80E-0D8B-3BC5-A8D0-10E88B81FD1D}.Debug|x64.ActiveCfg = Debug|x64
		{D36ED80E-0D8B-3BC5-A8D0-10E88B81FD1D}.Debug|x64.Build.0 = Debug|x64
		{D36ED80E-0D8B-3BC5-A8D0-10E88B81FD1D}.Release|x64.ActiveCfg = Release|x64
		{D36ED80E-0D8B-3BC5-A8D0-10E88B81FD1D}.Release|x64.Build.0 = Release|x64
		{D36ED80E-0D8B-3BC5-A8D0-10E88B81FD1D}.MinSizeRel|x64.ActiveCfg = MinSizeRel|x64
		{D36ED80E-0D8B-3BC5-A8D0-10E88B81FD1D}.MinSizeRel|x64.Build.0 = MinSizeRel|x64
		{D36ED80E-0D8B-3BC5-A8D0-10E88B81FD1D}.RelWithDebInfo|x64.ActiveCfg = RelWithDebInfo|x64
		{D36ED80E-0D8B-3BC5-A8D0-10E88B81FD1D}.RelWithDebInfo|x64.Build.0 = RelWithDebInfo|x64
		{3532D82C-4BFF-3CD7-B7AC-0F9A2419B14F}.Debug|x64.ActiveCfg = Debug|x64
		{3532D82C-4BFF-3CD7-B7AC-0F9A2419B14F}.Debug|x64.Build.0 = Debug|x64
		{3532D82C-4BFF-3CD7-B7AC-0F9A2419B14F}.Release|x64.ActiveCfg = Release|x64
		{3532D82C-4BFF-3CD7-B7AC-0F9A2419B14F}.Release|x64.Build.0 = Release|x64
		{3532D82C-4BFF-3CD7-B7AC-0F9A2419B14F}.MinSizeRel|x64.ActiveCfg = MinSizeRel|x64
		{3532D82C-4BFF-3CD7-B7AC-0F9A2419B14F}.MinSizeRel|x64.Build.0 = MinSizeRel|x64
		{3532D82C-4BFF-3CD7-B7AC-0F9A2419B14F}.RelWithDebInfo|x64.ActiveCfg = RelWithDebInfo|x64
		{3532D82C-4BFF-3CD7-B7AC-0F9A2419B14F}.RelWithDebInfo|x64.Build.0 = RelWithDebInfo|x64
		{7E9FC98E-A5C5-39BA-A4BC-3A82AECDE2AE}.Debug|x64.ActiveCfg = Debug|x64
		{7E9FC98E-A5C5-39BA-A4BC-3A82AECDE2AE}.Debug|x64.Build.0 = Debug|x64
		{7E9FC98E-A5C5-39BA-A4BC-3A82AECDE2AE}.Release|x64.ActiveCfg = Release|x64
		{7E9FC98E-A5C5-39BA-A4BC-3A82AECDE2AE}.Release|x64.Build.0 = Release|x64
		{7E9FC98E-A5C5-39BA-A4BC-3A82AECDE2AE}.MinSizeRel|x64.ActiveCfg = MinSizeRel|x64
		{7E9FC98E-A5C5-39BA-A4BC-3A82AECDE2AE}.MinSizeRel|x64.Build.0 = MinSizeRel|x64
		{7E9FC98E-A5C5-39BA-A4BC-3A82AECDE2AE}.RelWithDebInfo|x64.ActiveCfg = RelWithDebInfo|x64
		{7E9FC98E-A5C5-39BA-A4BC-3A82AECDE2AE}.RelWithDebInfo|x64.Build.0 = RelWithDebInfo|x64
		{D52336FE-CBCB-309D-B8D7-66E5C7084197}.Debug|x64.ActiveCfg = Debug|x64
		{D52336FE-CBCB-309D-B8D7-66E5C7084197}.Debug|x64.Build.0 = Debug|x64
		{D52336FE-CBCB-309D-B8D7-66E5C7084197}.Release|x64.ActiveCfg = Release|x64
		{D52336FE-CBCB-309D-B8D7-66E5C7084197}.Release|x64.Build.0 = Release|x64
		{D52336FE-CBCB-309D-B8D7-66E5C7084197}.MinSizeRel|x64.ActiveCfg = MinSizeRel|x64
		{D52336FE-CBCB-309D-B8D7-66E5C7084197}.MinSizeRel|x64.Build.0 = MinSizeRel|x64
		{D52336FE-CBCB-309D-B8D7-66E5C7084197}.RelWithDebInfo|x64.ActiveCfg = RelWithDebInfo|x64
		{D52336FE-CBCB-309D-B8D7-66E5C7084197}.RelWithDebInfo|x64.Build.0 = RelWithDebInfo|x64
		{16F74361-38EB-3E95-B474-15E913731477}.Debug|x64.ActiveCfg = Debug|x64
		{16F74361-38EB-3E95-B474-15E913731477}.Debug|x64.Build.0 = Debug|x64
		{16F74361-38EB-3E95-B474-15E913731477}.Release|x64.ActiveCfg = Release|x64
		{16F74361-38EB-3E95-B474-15E913731477}.Release|x64.Build.0 = Release|x64
		{16F74361-38EB-3E95-B474-15E913731477}.MinSizeRel|x64.ActiveCfg = MinSizeRel|x64
		{16F74361-38EB-3E95-B474-15E913731477}.MinSizeRel|x64.Build.0 = MinSizeRel|x64
		{16F74361-38EB-3E95-B474-15E913731477}.RelWithDebInfo|x64.ActiveCfg = RelWithDebInfo|x64
		{16F74361-38EB-3E95-B474-15E913731477}.RelWithDebInfo|x64.Build.0 = RelWithDebInfo|x64
		{1B7403F4-54FF-318E-9390-639F33E3A1D2}.Debug|x64.ActiveCfg = Debug|x64
		{1B7403F4-54FF-318E-9390-639F33E3A1D2}.Debug|x64.Build.0 = Debug|x64
		{1B7403F4-54FF-318E-9390-639F33E3A1D2}.Release|x64.ActiveCfg = Release|x64
		{1B7403F4-54FF-318E-9390-639F33E3A1D2}.Release|x64.Build.0 = Release|x64
		{1B7403F4-54FF-318E-9390-639F33E3A1D2}.MinSizeRel|x64.ActiveCfg = MinSizeRel|x64
		{1B7403F4-54FF-318E-9390-639F33E3A1D2}.MinSizeRel|x64.Build.0 = MinSizeRel|x64
		{1B7403F4-54FF-318E-9390-639F33E3A1D2}.RelWithDebInfo|x64.ActiveCfg = RelWithDebInfo|x64
		{1B7403F4-54FF-318E-9390-639F33E3A1D2}.RelWithDebInfo|x64.Build.0 = RelWithDebInfo|x64
		{E11C6C36-9DBE-3F7A-A8FC-FF8D39B388C2}.Debug|x64.ActiveCfg = Debug|x64
		{E11C6C36-9DBE-3F7A-A8FC-FF8D39B388C2}.Debug|x64.Build.0 = Debug|x64
		{E11C6C36-9DBE-3F7A-A8FC-FF8D39B388C2}.Release|x64.ActiveCfg = Release|x64
		{E11C6C36-9DBE-3F7A-A8FC-FF8D39B388C2}.Release|x64.Build.0 = Release|x64
		{E11C6C36-9DBE-3F7A-A8FC-FF8D39B388C2}.MinSizeRel|x64.ActiveCfg = MinSizeRel|x64
		{E11C6C36-9DBE-3F7A-A8FC-FF8D39B388C2}.MinSizeRel|x64.Build.0 = MinSizeRel|x64
		{E11C6C36-9DBE-3F7A-A8FC-FF8D39B388C2}.RelWithDebInfo|x64.ActiveCfg = RelWithDebInfo|x64
		{E11C6C36-9DBE-3F7A-A8FC-FF8D39B388C2}.RelWithDebInfo|x64.Build.0 = RelWithDebInfo|x64
		{7BB3AB64-63D9-3B2A-8059-1934A474F92B}.Debug|x64.ActiveCfg = Debug|x64
		{7BB3AB64-63D9-3B2A-8059-1934A474F92B}.Debug|x64.Build.0 = Debug|x64
		{7BB3AB64-63D9-3B2A-8059-1934A474F92B}.Release|x64.ActiveCfg = Release|x64
		{7BB3AB64-63D9-3B2A-8059-1934A474F92B}.Release|x64.Build.0 = Release|x64
		{7BB3AB64-63D9-3B2A-8059-1934A474F92B}.MinSizeRel|x64.ActiveCfg = MinSizeRel|x64
		{7BB3AB64-63D9-3B2A-8059-1934A474F92B}.MinSizeRel|x64.Build.0 = MinSizeRel|x64
		{7BB3AB64-63D9-3B2A-8059-1934A474F92B}.RelWithDebInfo|x64.ActiveCfg = RelWithDebInfo|x64
		{7BB3AB64-63D9-3B2A-8059-1934A474F92B}.RelWithDebInfo|x64.Build.0 = RelWithDebInfo|x64
		{2D769A82-B72A-390E-9EF7-0B5C32E5EE22}.Debug|x64.ActiveCfg = Debug|x64
		{2D769A82-B72A-390E-9EF7-0B5C32E5EE22}.Debug|x64.Build.0 = Debug|x64
		{2D769A82-B72A-390E-9EF7-0B5C32E5EE22}.Release|x64.ActiveCfg = Release|x64
		{2D769A82-B72A-390E-9EF7-0B5C32E5EE22}.Release|x64.Build.0 = Release|x64
		{2D769A82-B72A-390E-9EF7-0B5C32E5EE22}.MinSizeRel|x64.ActiveCfg = MinSizeRel|x64
		{2D769A82-B72A-390E-9EF7-0B5C32E5EE22}.MinSizeRel|x64.Build.0 = MinSizeRel|x64
		{2D769A82-B72A-390E-9EF7-0B5C32E5EE22}.RelWithDebInfo|x64.ActiveCfg = RelWithDebInfo|x64
		{2D769A82-B72A-390E-9EF7-0B5C32E5EE22}.RelWithDebInfo|x64.Build.0 = RelWithDebInfo|x64
		{34CE8630-499B-31A4-A88B-B9554C7CF599}.Debug|x64.ActiveCfg = Debug|x64
		{34CE8630-499B-31A4-A88B-B9554C7CF599}.Debug|x64.Build.0 = Debug|x64
		{34CE8630-499B-31A4-A88B-B9554C7CF599}.Release|x64.ActiveCfg = Release|x64
		{34CE8630-499B-31A4-A88B-B9554C7CF599}.Release|x64.Build.0 = Release|x64
		{34CE8630-499B-31A4-A88B-B9554C7CF599}.MinSizeRel|x64.ActiveCfg = MinSizeRel|x64
		{34CE8630-499B-31A4-A88B-B9554C7CF599}.MinSizeRel|x64.Build.0 = MinSizeRel|x64
		{34CE8630-499B-31A4-A88B-B9554C7CF599}.RelWithDebInfo|x64.ActiveCfg = RelWithDebInfo|x64
		{34CE8630-499B-31A4-A88B-B9554C7CF599}.RelWithDebInfo|x64.Build.0 = RelWithDebInfo|x64
		{7C935D6C-9AAC-3414-AFD7-AA1CDE63600B}.Debug|x64.ActiveCfg = Debug|x64
		{7C935D6C-9AAC-3414-AFD7-AA1CDE63600B}.Debug|x64.Build.0 = Debug|x64
		{7C935D6C-9AAC-3414-AFD7-AA1CDE63600B}.Release|x64.ActiveCfg = Release|x64
		{7C935D6C-9AAC-3414-AFD7-AA1CDE63600B}.Release|x64.Build.0 = Release|x64
		{7C935D6C-9AAC-3414-AFD7-AA1CDE63600B}.MinSizeRel|x64.ActiveCfg = MinSizeRel|x64
		{7C935D6C-9AAC-3414-AFD7-AA1CDE63600B}.MinSizeRel|x64.Build.0 = MinSizeRel|x64
		{7C935D6C-9AAC-3414-AFD7-AA1CDE63600B}.RelWithDebInfo|x64.ActiveCfg = RelWithDebInfo|x64
		{7C935D6C-9AAC-3414-AFD7-AA1CDE63600B}.RelWithDebInfo|x64.Build.0 = RelWithDebInfo|x64
		{0FB2D097-6055-3D1C-AB3B-FA211AEC27AD}.Debug|x64.ActiveCfg = Debug|x64
		{0FB2D097-6055-3D1C-AB3B-FA211AEC27AD}.Debug|x64.Build.0 = Debug|x64
		{0FB2D097-6055-3D1C-AB3B-FA211AEC27AD}.Release|x64.ActiveCfg = Release|x64
		{0FB2D097-6055-3D1C-AB3B-FA211AEC27AD}.Release|x64.Build.0 = Release|x64
		{0FB2D097-6055-3D1C-AB3B-FA211AEC27AD}.MinSizeRel|x64.ActiveCfg = MinSizeRel|x64
		{0FB2D097-6055-3D1C-AB3B-FA211AEC27AD}.MinSizeRel|x64.Build.0 = MinSizeRel|x64
		{0FB2D097-6055-3D1C-AB3B-FA211AEC27AD}.RelWithDebInfo|x64.ActiveCfg = RelWithDebInfo|x64
		{0FB2D097-6055-3D1C-AB3B-FA211AEC27AD}.RelWithDebInfo|x64.Build.0 = RelWithDebInfo|x64
		{70DFCAD4-10CB-3735-B264-837BBEEF2CC5}.Debug|x64.ActiveCfg = Debug|x64
		{70DFCAD4-10CB-3735-B264-837BBEEF2CC5}.Debug|x64.Build.0 = Debug|x64
		{70DFCAD4-10CB-3735-B264-837BBEEF2CC5}.Release|x64.ActiveCfg = Release|x64
		{70DFCAD4-10CB-3735-B264-837BBEEF2CC5}.Release|x64.Build.0 = Release|x64
		{70DFCAD4-10CB-3735-B264-837BBEEF2CC5}.MinSizeRel|x64.ActiveCfg = MinSizeRel|x64
		{70DFCAD4-10CB-3735-B264-837BBEEF2CC5}.MinSizeRel|x64.Build.0 = MinSizeRel|x64
		{70DFCAD4-10CB-3735-B264-837BBEEF2CC5}.RelWithDebInfo|x64.ActiveCfg = RelWithDebInfo|x64
		{70DFCAD4-10CB-3735-B264-837BBEEF2CC5}.RelWithDebInfo|x64.Build.0 = RelWithDebInfo|x64
		{5CEAFCFC-4775-3A25-A063-8CF4C0E42144}.Debug|x64.ActiveCfg = Debug|x64
		{5CEAFCFC-4775-3A25-A063-8CF4C0E42144}.Debug|x64.Build.0 = Debug|x64
		{5CEAFCFC-4775-3A25-A063-8CF4C0E42144}.Release|x64.ActiveCfg = Release|x64
		{5CEAFCFC-4775-3A25-A063-8CF4C0E42144}.Release|x64.Build.0 = Release|x64
		{5CEAFCFC-4775-3A25-A063-8CF4C0E42144}.MinSizeRel|x64.ActiveCfg = MinSizeRel|x64
		{5CEAFCFC-4775-3A25-A063-8CF4C0E42144}.MinSizeRel|x64.Build.0 = MinSizeRel|x64
		{5CEAFCFC-4775-3A25-A063-8CF4C0E42144}.RelWithDebInfo|x64.ActiveCfg = RelWithDebInfo|x64
		{5CEAFCFC-4775-3A25-A063-8CF4C0E42144}.RelWithDebInfo|x64.Build.0 = RelWithDebInfo|x64
		{83AAD1C8-139C-3FBD-92FB-CD25F2C189A1}.Debug|x64.ActiveCfg = Debug|x64
		{83AAD1C8-139C-3FBD-92FB-CD25F2C189A1}.Debug|x64.Build.0 = Debug|x64
		{83AAD1C8-139C-3FBD-92FB-CD25F2C189A1}.Release|x64.ActiveCfg = Release|x64
		{83AAD1C8-139C-3FBD-92FB-CD25F2C189A1}.Release|x64.Build.0 = Release|x64
		{83AAD1C8-139C-3FBD-92FB-CD25F2C189A1}.MinSizeRel|x64.ActiveCfg = MinSizeRel|x64
		{83AAD1C8-139C-3FBD-92FB-CD25F2C189A1}.MinSizeRel|x64.Build.0 = MinSizeRel|x64
		{83AAD1C8-139C-3FBD-92FB-CD25F2C189A1}.RelWithDebInfo|x64.ActiveCfg = RelWithDebInfo|x64
		{83AAD1C8-139C-3FBD-92FB-CD25F2C189A1}.RelWithDebInfo|x64.Build.0 = RelWithDebInfo|x64
		{A50FAD8E-2853-3282-8C8E-438A0FCC0678}.Debug|x64.ActiveCfg = Debug|x64
		{A50FAD8E-2853-3282-8C8E-438A0FCC0678}.Debug|x64.Build.0 = Debug|x64
		{A50FAD8E-2853-3282-8C8E-438A0FCC0678}.Release|x64.ActiveCfg = Release|x64
		{A50FAD8E-2853-3282-8C8E-438A0FCC0678}.Release|x64.Build.0 = Release|x64
		{A50FAD8E-2853-3282-8C8E-438A0FCC0678}.MinSizeRel|x64.ActiveCfg = MinSizeRel|x64
		{A50FAD8E-2853-3282-8C8E-438A0FCC0678}.MinSizeRel|x64.Build.0 = MinSizeRel|x64
		{A50FAD8E-2853-3282-8C8E-438A0FCC0678}.RelWithDebInfo|x64.ActiveCfg = RelWithDebInfo|x64
		{A50FAD8E-2853-3282-8C8E-438A0FCC0678}.RelWithDebInfo|x64.Build.0 = RelWithDebInfo|x64
		{6BF7B991-D3AF-323F-9B26-041655D21FFA}.Debug|x64.ActiveCfg = Debug|x64
		{6BF7B991-D3AF-323F-9B26-041655D21FFA}.Debug|x64.Build.0 = Debug|x64
		{6BF7B991-D3AF-323F-9B26-041655D21FFA}.Release|x64.ActiveCfg = Release|x64
		{6BF7B991-D3AF-323F-9B26-041655D21FFA}.Release|x64.Build.0 = Release|x64
		{6BF7B991-D3AF-323F-9B26-041655D21FFA}.MinSizeRel|x64.ActiveCfg = MinSizeRel|x64
		{6BF7B991-D3AF-323F-9B26-041655D21FFA}.MinSizeRel|x64.Build.0 = MinSizeRel|x64
		{6BF7B991-D3AF-323F-9B26-041655D21FFA}.RelWithDebInfo|x64.ActiveCfg = RelWithDebInfo|x64
		{6BF7B991-D3AF-323F-9B26-041655D21FFA}.RelWithDebInfo|x64.Build.0 = RelWithDebInfo|x64
		{910CE8E2-A680-3889-BE61-80DB45D6F470}.Debug|x64.ActiveCfg = Debug|x64
		{910CE8E2-A680-3889-BE61-80DB45D6F470}.Debug|x64.Build.0 = Debug|x64
		{910CE8E2-A680-3889-BE61-80DB45D6F470}.Release|x64.ActiveCfg = Release|x64
		{910CE8E2-A680-3889-BE61-80DB45D6F470}.Release|x64.Build.0 = Release|x64
		{910CE8E2-A680-3889-BE61-80DB45D6F470}.MinSizeRel|x64.ActiveCfg = MinSizeRel|x64
		{910CE8E2-A680-3889-BE61-80DB45D6F470}.MinSizeRel|x64.Build.0 = MinSizeRel|x64
		{910CE8E2-A680-3889-BE61-80DB45D6F470}.RelWithDebInfo|x64.ActiveCfg = RelWithDebInfo|x64
		{910CE8E2-A680-3889-BE61-80DB45D6F470}.RelWithDebInfo|x64.Build.0 = RelWithDebInfo|x64
		{F1F448AB-02F7-3DD2-924F-DA907BDB469F}.Debug|x64.ActiveCfg = Debug|x64
		{F1F448AB-02F7-3DD2-924F-DA907BDB469F}.Debug|x64.Build.0 = Debug|x64
		{F1F448AB-02F7-3DD2-924F-DA907BDB469F}.Release|x64.ActiveCfg = Release|x64
		{F1F448AB-02F7-3DD2-924F-DA907BDB469F}.Release|x64.Build.0 = Release|x64
		{F1F448AB-02F7-3DD2-924F-DA907BDB469F}.MinSizeRel|x64.ActiveCfg = MinSizeRel|x64
		{F1F448AB-02F7-3DD2-924F-DA907BDB469F}.MinSizeRel|x64.Build.0 = MinSizeRel|x64
		{F1F448AB-02F7-3DD2-924F-DA907BDB469F}.RelWithDebInfo|x64.ActiveCfg = RelWithDebInfo|x64
		{F1F448AB-02F7-3DD2-924F-DA907BDB469F}.RelWithDebInfo|x64.Build.0 = RelWithDebInfo|x64
		{201148D1-FBDB-3CED-BB4D-0D693E059C8C}.Debug|x64.ActiveCfg = Debug|x64
		{201148D1-FBDB-3CED-BB4D-0D693E059C8C}.Debug|x64.Build.0 = Debug|x64
		{201148D1-FBDB-3CED-BB4D-0D693E059C8C}.Release|x64.ActiveCfg = Release|x64
		{201148D1-FBDB-3CED-BB4D-0D693E059C8C}.Release|x64.Build.0 = Release|x64
		{201148D1-FBDB-3CED-BB4D-0D693E059C8C}.MinSizeRel|x64.ActiveCfg = MinSizeRel|x64
		{201148D1-FBDB-3CED-BB4D-0D693E059C8C}.MinSizeRel|x64.Build.0 = MinSizeRel|x64
		{201148D1-FBDB-3CED-BB4D-0D693E059C8C}.RelWithDebInfo|x64.ActiveCfg = RelWithDebInfo|x64
		{201148D1-FBDB-3CED-BB4D-0D693E059C8C}.RelWithDebInfo|x64.Build.0 = RelWithDebInfo|x64
		{8086FE01-5444-3135-A175-834D0E10A761}.Debug|x64.ActiveCfg = Debug|x64
		{8086FE01-5444-3135-A175-834D0E10A761}.Debug|x64.Build.0 = Debug|x64
		{8086FE01-5444-3135-A175-834D0E10A761}.Release|x64.ActiveCfg = Release|x64
		{8086FE01-5444-3135-A175-834D0E10A761}.Release|x64.Build.0 = Release|x64
		{8086FE01-5444-3135-A175-834D0E10A761}.MinSizeRel|x64.ActiveCfg = MinSizeRel|x64
		{8086FE01-5444-3135-A175-834D0E10A761}.MinSizeRel|x64.Build.0 = MinSizeRel|x64
		{8086FE01-5444-3135-A175-834D0E10A761}.RelWithDebInfo|x64.ActiveCfg = RelWithDebInfo|x64
		{8086FE01-5444-3135-A175-834D0E10A761}.RelWithDebInfo|x64.Build.0 = RelWithDebInfo|x64
		{538C0E7B-B896-3382-A7C2-107A1C528F41}.Debug|x64.ActiveCfg = Debug|x64
		{538C0E7B-B896-3382-A7C2-107A1C528F41}.Debug|x64.Build.0 = Debug|x64
		{538C0E7B-B896-3382-A7C2-107A1C528F41}.Release|x64.ActiveCfg = Release|x64
		{538C0E7B-B896-3382-A7C2-107A1C528F41}.Release|x64.Build.0 = Release|x64
		{538C0E7B-B896-3382-A7C2-107A1C528F41}.MinSizeRel|x64.ActiveCfg = MinSizeRel|x64
		{538C0E7B-B896-3382-A7C2-107A1C528F41}.MinSizeRel|x64.Build.0 = MinSizeRel|x64
		{538C0E7B-B896-3382-A7C2-107A1C528F41}.RelWithDebInfo|x64.ActiveCfg = RelWithDebInfo|x64
		{538C0E7B-B896-3382-A7C2-107A1C528F41}.RelWithDebInfo|x64.Build.0 = RelWithDebInfo|x64
		{6D096A14-AAC3-392F-850B-85F3B039FE7D}.Debug|x64.ActiveCfg = Debug|x64
		{6D096A14-AAC3-392F-850B-85F3B039FE7D}.Debug|x64.Build.0 = Debug|x64
		{6D096A14-AAC3-392F-850B-85F3B039FE7D}.Release|x64.ActiveCfg = Release|x64
		{6D096A14-AAC3-392F-850B-85F3B039FE7D}.Release|x64.Build.0 = Release|x64
		{6D096A14-AAC3-392F-850B-85F3B039FE7D}.MinSizeRel|x64.ActiveCfg = MinSizeRel|x64
		{6D096A14-AAC3-392F-850B-85F3B039FE7D}.MinSizeRel|x64.Build.0 = MinSizeRel|x64
		{6D096A14-AAC3-392F-850B-85F3B039FE7D}.RelWithDebInfo|x64.ActiveCfg = RelWithDebInfo|x64
		{6D096A14-AAC3-392F-850B-85F3B039FE7D}.RelWithDebInfo|x64.Build.0 = RelWithDebInfo|x64
		{B7C571E5-3D70-3992-B0A7-6EEC0A8559E5}.Debug|x64.ActiveCfg = Debug|x64
		{B7C571E5-3D70-3992-B0A7-6EEC0A8559E5}.Debug|x64.Build.0 = Debug|x64
		{B7C571E5-3D70-3992-B0A7-6EEC0A8559E5}.Release|x64.ActiveCfg = Release|x64
		{B7C571E5-3D70-3992-B0A7-6EEC0A8559E5}.Release|x64.Build.0 = Release|x64
		{B7C571E5-3D70-3992-B0A7-6EEC0A8559E5}.MinSizeRel|x64.ActiveCfg = MinSizeRel|x64
		{B7C571E5-3D70-3992-B0A7-6EEC0A8559E5}.MinSizeRel|x64.Build.0 = MinSizeRel|x64
		{B7C571E5-3D70-3992-B0A7-6EEC0A8559E5}.RelWithDebInfo|x64.ActiveCfg = RelWithDebInfo|x64
		{B7C571E5-3D70-3992-B0A7-6EEC0A8559E5}.RelWithDebInfo|x64.Build.0 = RelWithDebInfo|x64
		{BA471480-D935-3EC6-A002-5D7907C9345F}.Debug|x64.ActiveCfg = Debug|x64
		{BA471480-D935-3EC6-A002-5D7907C9345F}.Debug|x64.Build.0 = Debug|x64
		{BA471480-D935-3EC6-A002-5D7907C9345F}.Release|x64.ActiveCfg = Release|x64
		{BA471480-D935-3EC6-A002-5D7907C9345F}.Release|x64.Build.0 = Release|x64
		{BA471480-D935-3EC6-A002-5D7907C9345F}.MinSizeRel|x64.ActiveCfg = MinSizeRel|x64
		{BA471480-D935-3EC6-A002-5D7907C9345F}.MinSizeRel|x64.Build.0 = MinSizeRel|x64
		{BA471480-D935-3EC6-A002-5D7907C9345F}.RelWithDebInfo|x64.ActiveCfg = RelWithDebInfo|x64
		{BA471480-D935-3EC6-A002-5D7907C9345F}.RelWithDebInfo|x64.Build.0 = RelWithDebInfo|x64
		{EBA6BD25-51DD-3B25-A194-8B239C86CF87}.Debug|x64.ActiveCfg = Debug|x64
		{EBA6BD25-51DD-3B25-A194-8B239C86CF87}.Release|x64.ActiveCfg = Release|x64
		{EBA6BD25-51DD-3B25-A194-8B239C86CF87}.MinSizeRel|x64.ActiveCfg = MinSizeRel|x64
		{EBA6BD25-51DD-3B25-A194-8B239C86CF87}.RelWithDebInfo|x64.ActiveCfg = RelWithDebInfo|x64
		{40C1F251-D482-343D-9278-A1D7DE24DB98}.Debug|x64.ActiveCfg = Debug|x64
		{40C1F251-D482-343D-9278-A1D7DE24DB98}.Debug|x64.Build.0 = Debug|x64
		{40C1F251-D482-343D-9278-A1D7DE24DB98}.Release|x64.ActiveCfg = Release|x64
		{40C1F251-D482-343D-9278-A1D7DE24DB98}.Release|x64.Build.0 = Release|x64
		{40C1F251-D482-343D-9278-A1D7DE24DB98}.MinSizeRel|x64.ActiveCfg = MinSizeRel|x64
		{40C1F251-D482-343D-9278-A1D7DE24DB98}.MinSizeRel|x64.Build.0 = MinSizeRel|x64
		{40C1F251-D482-343D-9278-A1D7DE24DB98}.RelWithDebInfo|x64.ActiveCfg = RelWithDebInfo|x64
		{40C1F251-D482-343D-9278-A1D7DE24DB98}.RelWithDebInfo|x64.Build.0 = RelWithDebInfo|x64
		{8FACF2F3-27DE-3B1B-AE18-1C23F30EFD05}.Debug|x64.ActiveCfg = Debug|x64
		{8FACF2F3-27DE-3B1B-AE18-1C23F30EFD05}.Debug|x64.Build.0 = Debug|x64
		{8FACF2F3-27DE-3B1B-AE18-1C23F30EFD05}.Release|x64.ActiveCfg = Release|x64
		{8FACF2F3-27DE-3B1B-AE18-1C23F30EFD05}.Release|x64.Build.0 = Release|x64
		{8FACF2F3-27DE-3B1B-AE18-1C23F30EFD05}.MinSizeRel|x64.ActiveCfg = MinSizeRel|x64
		{8FACF2F3-27DE-3B1B-AE18-1C23F30EFD05}.MinSizeRel|x64.Build.0 = MinSizeRel|x64
		{8FACF2F3-27DE-3B1B-AE18-1C23F30EFD05}.RelWithDebInfo|x64.ActiveCfg = RelWithDebInfo|x64
		{8FACF2F3-27DE-3B1B-AE18-1C23F30EFD05}.RelWithDebInfo|x64.Build.0 = RelWithDebInfo|x64
	EndGlobalSection
	GlobalSection(NestedProjects) = preSolution
		{88049FF4-3B85-3940-B48B-A719509D0743} = {023851C4-CC24-373E-83B8-51B0AE049406}
		{6AD4B447-17E4-3423-9835-959E7B064F12} = {023851C4-CC24-373E-83B8-51B0AE049406}
		{BA913802-E74B-3357-B779-2B4F7BA25E31} = {023851C4-CC24-373E-83B8-51B0AE049406}
		{78DFFE0C-3785-3ACF-A8E5-A79916234346} = {F530E08F-3A8F-3B4C-947F-A61F20FC0517}
		{6B40ED7A-8F40-3818-AE57-1CF23D2BD502} = {F530E08F-3A8F-3B4C-947F-A61F20FC0517}
		{16F74361-38EB-3E95-B474-15E913731477} = {F530E08F-3A8F-3B4C-947F-A61F20FC0517}
		{EBA6BD25-51DD-3B25-A194-8B239C86CF87} = {F530E08F-3A8F-3B4C-947F-A61F20FC0517}
		{91DF274C-5998-3A7A-A6C0-D8A658C5B47E} = {78DFFE0C-3785-3ACF-A8E5-A79916234346}
		{D52336FE-CBCB-309D-B8D7-66E5C7084197} = {78DFFE0C-3785-3ACF-A8E5-A79916234346}
		{E11C6C36-9DBE-3F7A-A8FC-FF8D39B388C2} = {78DFFE0C-3785-3ACF-A8E5-A79916234346}
		{5CEAFCFC-4775-3A25-A063-8CF4C0E42144} = {78DFFE0C-3785-3ACF-A8E5-A79916234346}
		{A50FAD8E-2853-3282-8C8E-438A0FCC0678} = {78DFFE0C-3785-3ACF-A8E5-A79916234346}
		{910CE8E2-A680-3889-BE61-80DB45D6F470} = {78DFFE0C-3785-3ACF-A8E5-A79916234346}
		{F1F448AB-02F7-3DD2-924F-DA907BDB469F} = {78DFFE0C-3785-3ACF-A8E5-A79916234346}
		{201148D1-FBDB-3CED-BB4D-0D693E059C8C} = {78DFFE0C-3785-3ACF-A8E5-A79916234346}
		{40C1F251-D482-343D-9278-A1D7DE24DB98} = {78DFFE0C-3785-3ACF-A8E5-A79916234346}
		{CD4E7586-430D-381B-BD0B-E3085941461C} = {6B40ED7A-8F40-3818-AE57-1CF23D2BD502}
		{383ACDDA-6F0B-3C09-8C51-608C2007AA50} = {6B40ED7A-8F40-3818-AE57-1CF23D2BD502}
		{D36ED80E-0D8B-3BC5-A8D0-10E88B81FD1D} = {6B40ED7A-8F40-3818-AE57-1CF23D2BD502}
		{3532D82C-4BFF-3CD7-B7AC-0F9A2419B14F} = {6B40ED7A-8F40-3818-AE57-1CF23D2BD502}
		{7E9FC98E-A5C5-39BA-A4BC-3A82AECDE2AE} = {6B40ED7A-8F40-3818-AE57-1CF23D2BD502}
		{1B7403F4-54FF-318E-9390-639F33E3A1D2} = {6B40ED7A-8F40-3818-AE57-1CF23D2BD502}
		{7BB3AB64-63D9-3B2A-8059-1934A474F92B} = {6B40ED7A-8F40-3818-AE57-1CF23D2BD502}
		{2D769A82-B72A-390E-9EF7-0B5C32E5EE22} = {6B40ED7A-8F40-3818-AE57-1CF23D2BD502}
		{34CE8630-499B-31A4-A88B-B9554C7CF599} = {6B40ED7A-8F40-3818-AE57-1CF23D2BD502}
		{7C935D6C-9AAC-3414-AFD7-AA1CDE63600B} = {6B40ED7A-8F40-3818-AE57-1CF23D2BD502}
		{0FB2D097-6055-3D1C-AB3B-FA211AEC27AD} = {6B40ED7A-8F40-3818-AE57-1CF23D2BD502}
		{70DFCAD4-10CB-3735-B264-837BBEEF2CC5} = {6B40ED7A-8F40-3818-AE57-1CF23D2BD502}
		{83AAD1C8-139C-3FBD-92FB-CD25F2C189A1} = {6B40ED7A-8F40-3818-AE57-1CF23D2BD502}
		{6BF7B991-D3AF-323F-9B26-041655D21FFA} = {6B40ED7A-8F40-3818-AE57-1CF23D2BD502}
		{8086FE01-5444-3135-A175-834D0E10A761} = {6B40ED7A-8F40-3818-AE57-1CF23D2BD502}
		{538C0E7B-B896-3382-A7C2-107A1C528F41} = {6B40ED7A-8F40-3818-AE57-1CF23D2BD502}
		{6D096A14-AAC3-392F-850B-85F3B039FE7D} = {6B40ED7A-8F40-3818-AE57-1CF23D2BD502}
		{B7C571E5-3D70-3992-B0A7-6EEC0A8559E5} = {6B40ED7A-8F40-3818-AE57-1CF23D2BD502}
		{BA471480-D935-3EC6-A002-5D7907C9345F} = {6B40ED7A-8F40-3818-AE57-1CF23D2BD502}
		{8FACF2F3-27DE-3B1B-AE18-1C23F30EFD05} = {6B40ED7A-8F40-3818-AE57-1CF23D2BD502}
	EndGlobalSection
	GlobalSection(ExtensibilityGlobals) = postSolution
		SolutionGuid = {AAA66697-BC25-3D79-967A-B34BE70B7C0C}
	EndGlobalSection
	GlobalSection(ExtensibilityAddIns) = postSolution
	EndGlobalSection
EndGlobal
