<?xml version="1.0" encoding="utf-8"?>
<Project ToolsVersion="17.0" xmlns="http://schemas.microsoft.com/developer/msbuild/2003">
  <ItemGroup>
    <CustomBuild Include="C:\M2_IGD\IGR202\project\suggestive_contours_Mathias_VELO\CMakeFiles\368b0e186c61dedfd2f2a2690cd6d6c1\INSTALL_force.rule">
      <Filter>CMake Rules</Filter>
    </CustomBuild>
  </ItemGroup>
  <ItemGroup>
    <Filter Include="CMake Rules">
      <UniqueIdentifier>{415464BE-352F-33BB-A9FA-E9C2FDC24DD0}</UniqueIdentifier>
    </Filter>
  </ItemGroup>
</Project>
